PATH
  remote: .
  specs:
    action_policy-authzen (0.1.0)
      action_policy (~> 0.7.7)
      json (>= 2.6, < 3.0)
      net-http (>= 0.3, < 1.0)

GEM
  remote: https://rubygems.org/
  specs:
    action_policy (0.7.7)
      ruby-next-core (>= 1.0)
    json (2.21.2)
    minitest (5.27.0)
    net-http (0.9.1)
      uri (>= 0.11.1)
    rake (13.4.2)
    ruby-next-core (1.2.1)
    uri (1.1.1)

PLATFORMS
  x86_64-linux

DEPENDENCIES
  action_policy-authzen!
  minitest (~> 5.0)
  rake (~> 13.0)

BUNDLED WITH
   2.4.6
